// !$*UTF8*$!
{
	archiveVersion = 1;
	classes = {
	};
	objectVersion = 46;
	objects = {

/* Begin PBXBuildFile section */
		052CAA311DA38B40001536E4 /* NumberToStringValueTransformer.m in Sources */ = {isa = PBXBuildFile; fileRef = 052CAA301DA38B40001536E4 /* NumberToStringValueTransformer.m */; };
		052CAA361DA38B75001536E4 /* ArrayIsEmptyValueTransformer.m in Sources */ = {isa = PBXBuildFile; fileRef = 052CAA331DA38B75001536E4 /* ArrayIsEmptyValueTransformer.m */; };
		052CAA371DA38B75001536E4 /* ArrayIsNotEmptyValueTransformer.m in Sources */ = {isa = PBXBuildFile; fileRef = 052CAA351DA38B75001536E4 /* ArrayIsNotEmptyValueTransformer.m */; };
		05A78D391BB044F30070E7F0 /* ASLMessage.m in Sources */ = {isa = PBXBuildFile; fileRef = 05A78D381BB044F30070E7F0 /* ASLMessage.m */; };
		05A78D3C1BB050670070E7F0 /* ASL.m in Sources */ = {isa = PBXBuildFile; fileRef = 05A78D3B1BB050670070E7F0 /* ASL.m */; };
		05A78D3F1BB058850070E7F0 /* MainWindowController.m in Sources */ = {isa = PBXBuildFile; fileRef = 05A78D3E1BB058850070E7F0 /* MainWindowController.m */; };
		05A78D421BB058990070E7F0 /* MainWindowController.xib in Resources */ = {isa = PBXBuildFile; fileRef = 05A78D401BB058990070E7F0 /* MainWindowController.xib */; };
		05BF7FFC1BAC748800A88F65 /* main.m in Sources */ = {isa = PBXBuildFile; fileRef = 05BF7FFB1BAC748800A88F65 /* main.m */; };
		05BF800F1BAC754400A88F65 /* ApplicationDelegate.m in Sources */ = {isa = PBXBuildFile; fileRef = 05BF800A1BAC754400A88F65 /* ApplicationDelegate.m */; };
		05BF80101BAC754400A88F65 /* Assets.xcassets in Resources */ = {isa = PBXBuildFile; fileRef = 05BF800C1BAC754400A88F65 /* Assets.xcassets */; };
		05BF80111BAC754400A88F65 /* MainMenu.xib in Resources */ = {isa = PBXBuildFile; fileRef = 05BF800D1BAC754400A88F65 /* MainMenu.xib */; };
		05F921721BB0AACE00FD011C /* ASLSender.m in Sources */ = {isa = PBXBuildFile; fileRef = 05F921711BB0AACE00FD011C /* ASLSender.m */; };
/* End PBXBuildFile section */

/* Begin PBXFileReference section */
		052CAA2F1DA38B40001536E4 /* NumberToStringValueTransformer.h */ = {isa = PBXFileReference; fileEncoding = 4; lastKnownFileType = sourcecode.c.h; path = NumberToStringValueTransformer.h; sourceTree = "<group>"; };
		052CAA301DA38B40001536E4 /* NumberToStringValueTransformer.m */ = {isa = PBXFileReference; fileEncoding = 4; lastKnownFileType = sourcecode.c.objc; path = NumberToStringValueTransformer.m; sourceTree = "<group>"; };
		052CAA321DA38B75001536E4 /* ArrayIsEmptyValueTransformer.h */ = {isa = PBXFileReference; fileEncoding = 4; lastKnownFileType = sourcecode.c.h; path = ArrayIsEmptyValueTransformer.h; sourceTree = "<group>"; };
		052CAA331DA38B75001536E4 /* ArrayIsEmptyValueTransformer.m */ = {isa = PBXFileReference; fileEncoding = 4; lastKnownFileType = sourcecode.c.objc; path = ArrayIsEmptyValueTransformer.m; sourceTree = "<group>"; };
		052CAA341DA38B75001536E4 /* ArrayIsNotEmptyValueTransformer.h */ = {isa = PBXFileReference; fileEncoding = 4; lastKnownFileType = sourcecode.c.h; path = ArrayIsNotEmptyValueTransformer.h; sourceTree = "<group>"; };
		052CAA351DA38B75001536E4 /* ArrayIsNotEmptyValueTransformer.m */ = {isa = PBXFileReference; fileEncoding = 4; lastKnownFileType = sourcecode.c.objc; path = ArrayIsNotEmptyValueTransformer.m; sourceTree = "<group>"; };
		05A78D371BB044F30070E7F0 /* ASLMessage.h */ = {isa = PBXFileReference; fileEncoding = 4; lastKnownFileType = sourcecode.c.h; path = ASLMessage.h; sourceTree = "<group>"; };
		05A78D381BB044F30070E7F0 /* ASLMessage.m */ = {isa = PBXFileReference; fileEncoding = 4; lastKnownFileType = sourcecode.c.objc; path = ASLMessage.m; sourceTree = "<group>"; };
		05A78D3A1BB050670070E7F0 /* ASL.h */ = {isa = PBXFileReference; fileEncoding = 4; lastKnownFileType = sourcecode.c.h; path = ASL.h; sourceTree = "<group>"; };
		05A78D3B1BB050670070E7F0 /* ASL.m */ = {isa = PBXFileReference; fileEncoding = 4; lastKnownFileType = sourcecode.c.objc; path = ASL.m; sourceTree = "<group>"; };
		05A78D3D1BB058850070E7F0 /* MainWindowController.h */ = {isa = PBXFileReference; fileEncoding = 4; lastKnownFileType = sourcecode.c.h; path = MainWindowController.h; sourceTree = "<group>"; };
		05A78D3E1BB058850070E7F0 /* MainWindowController.m */ = {isa = PBXFileReference; fileEncoding = 4; lastKnownFileType = sourcecode.c.objc; path = MainWindowController.m; sourceTree = "<group>"; };
		05A78D411BB058990070E7F0 /* Base */ = {isa = PBXFileReference; lastKnownFileType = file.xib; name = Base; path = Base.lproj/MainWindowController.xib; sourceTree = "<group>"; };
		05BF7FF41BAC748800A88F65 /* Console.app */ = {isa = PBXFileReference; explicitFileType = wrapper.application; includeInIndex = 0; path = Console.app; sourceTree = BUILT_PRODUCTS_DIR; };
		05BF7FFB1BAC748800A88F65 /* main.m */ = {isa = PBXFileReference; lastKnownFileType = sourcecode.c.objc; path = main.m; sourceTree = "<group>"; };
		05BF80021BAC748800A88F65 /* Info.plist */ = {isa = PBXFileReference; lastKnownFileType = text.plist.xml; path = Info.plist; sourceTree = "<group>"; };
		05BF80091BAC754400A88F65 /* ApplicationDelegate.h */ = {isa = PBXFileReference; fileEncoding = 4; lastKnownFileType = sourcecode.c.h; path = ApplicationDelegate.h; sourceTree = "<group>"; };
		05BF800A1BAC754400A88F65 /* ApplicationDelegate.m */ = {isa = PBXFileReference; fileEncoding = 4; lastKnownFileType = sourcecode.c.objc; path = ApplicationDelegate.m; sourceTree = "<group>"; };
		05BF800C1BAC754400A88F65 /* Assets.xcassets */ = {isa = PBXFileReference; lastKnownFileType = folder.assetcatalog; path = Assets.xcassets; sourceTree = "<group>"; };
		05BF800E1BAC754400A88F65 /* Base */ = {isa = PBXFileReference; lastKnownFileType = file.xib; name = Base; path = Base.lproj/MainMenu.xib; sourceTree = "<group>"; };
		05F921701BB0AACE00FD011C /* ASLSender.h */ = {isa = PBXFileReference; fileEncoding = 4; lastKnownFileType = sourcecode.c.h; path = ASLSender.h; sourceTree = "<group>"; };
		05F921711BB0AACE00FD011C /* ASLSender.m */ = {isa = PBXFileReference; fileEncoding = 4; lastKnownFileType = sourcecode.c.objc; path = ASLSender.m; sourceTree = "<group>"; };
		05F921731BB0AC0F00FD011C /* Console-Prefix.pch */ = {isa = PBXFileReference; fileEncoding = 4; lastKnownFileType = sourcecode.c.h; path = "Console-Prefix.pch"; sourceTree = "<group>"; };
/* End PBXFileReference section */

/* Begin PBXFrameworksBuildPhase section */
		05BF7FF11BAC748800A88F65 /* Frameworks */ = {
			isa = PBXFrameworksBuildPhase;
			buildActionMask = 2147483647;
			files = (
			);
			runOnlyForDeploymentPostprocessing = 0;
		};
/* End PBXFrameworksBuildPhase section */

/* Begin PBXGroup section */
		052CAA2E1DA38B40001536E4 /* Transformers */ = {
			isa = PBXGroup;
			children = (
				052CAA321DA38B75001536E4 /* ArrayIsEmptyValueTransformer.h */,
				052CAA331DA38B75001536E4 /* ArrayIsEmptyValueTransformer.m */,
				052CAA341DA38B75001536E4 /* ArrayIsNotEmptyValueTransformer.h */,
				052CAA351DA38B75001536E4 /* ArrayIsNotEmptyValueTransformer.m */,
				052CAA2F1DA38B40001536E4 /* NumberToStringValueTransformer.h */,
				052CAA301DA38B40001536E4 /* NumberToStringValueTransformer.m */,
			);
			path = Transformers;
			sourceTree = "<group>";
		};
		05A78D361BB044F30070E7F0 /* ASL */ = {
			isa = PBXGroup;
			children = (
				05A78D3A1BB050670070E7F0 /* ASL.h */,
				05A78D3B1BB050670070E7F0 /* ASL.m */,
				05A78D371BB044F30070E7F0 /* ASLMessage.h */,
				05A78D381BB044F30070E7F0 /* ASLMessage.m */,
				05F921701BB0AACE00FD011C /* ASLSender.h */,
				05F921711BB0AACE00FD011C /* ASLSender.m */,
			);
			path = ASL;
			sourceTree = "<group>";
		};
		05BF7FEB1BAC748800A88F65 = {
			isa = PBXGroup;
			children = (
				05BF7FF61BAC748800A88F65 /* Console */,
				05BF7FF51BAC748800A88F65 /* Products */,
			);
			sourceTree = "<group>";
		};
		05BF7FF51BAC748800A88F65 /* Products */ = {
			isa = PBXGroup;
			children = (
				05BF7FF41BAC748800A88F65 /* Console.app */,
			);
			name = Products;
			sourceTree = "<group>";
		};
		05BF7FF61BAC748800A88F65 /* Console */ = {
			isa = PBXGroup;
			children = (
				05BF80081BAC754400A88F65 /* Classes */,
				05BF800B1BAC754400A88F65 /* UI */,
				05BF7FFA1BAC748800A88F65 /* Supporting Files */,
			);
			path = Console;
			sourceTree = "<group>";
		};
		05BF7FFA1BAC748800A88F65 /* Supporting Files */ = {
			isa = PBXGroup;
			children = (
				05F921731BB0AC0F00FD011C /* Console-Prefix.pch */,
				05BF80021BAC748800A88F65 /* Info.plist */,
				05BF7FFB1BAC748800A88F65 /* main.m */,
			);
			name = "Supporting Files";
			sourceTree = "<group>";
		};
		05BF80081BAC754400A88F65 /* Classes */ = {
			isa = PBXGroup;
			children = (
				05BF80091BAC754400A88F65 /* ApplicationDelegate.h */,
				05BF800A1BAC754400A88F65 /* ApplicationDelegate.m */,
				05A78D3D1BB058850070E7F0 /* MainWindowController.h */,
				05A78D3E1BB058850070E7F0 /* MainWindowController.m */,
				052CAA2E1DA38B40001536E4 /* Transformers */,
				05A78D361BB044F30070E7F0 /* ASL */,
			);
			path = Classes;
			sourceTree = "<group>";
		};
		05BF800B1BAC754400A88F65 /* UI */ = {
			isa = PBXGroup;
			children = (
				05BF800C1BAC754400A88F65 /* Assets.xcassets */,
				05BF800D1BAC754400A88F65 /* MainMenu.xib */,
				05A78D401BB058990070E7F0 /* MainWindowController.xib */,
			);
			path = UI;
			sourceTree = "<group>";
		};
/* End PBXGroup section */

/* Begin PBXNativeTarget section */
		05BF7FF31BAC748800A88F65 /* Console */ = {
			isa = PBXNativeTarget;
			buildConfigurationList = 05BF80051BAC748800A88F65 /* Build configuration list for PBXNativeTarget "Console" */;
			buildPhases = (
				05BF7FF01BAC748800A88F65 /* Sources */,
				05BF7FF11BAC748800A88F65 /* Frameworks */,
				05BF7FF21BAC748800A88F65 /* Resources */,
			);
			buildRules = (
			);
			dependencies = (
			);
			name = Console;
			productName = Console;
			productReference = 05BF7FF41BAC748800A88F65 /* Console.app */;
			productType = "com.apple.product-type.application";
		};
/* End PBXNativeTarget section */

/* Begin PBXProject section */
		05BF7FEC1BAC748800A88F65 /* Project object */ = {
			isa = PBXProject;
			attributes = {
				LastUpgradeCheck = 0800;
				ORGANIZATIONNAME = "XS-Labs";
				TargetAttributes = {
					05BF7FF31BAC748800A88F65 = {
						CreatedOnToolsVersion = 7.0;
					};
				};
			};
			buildConfigurationList = 05BF7FEF1BAC748800A88F65 /* Build configuration list for PBXProject "Console" */;
			compatibilityVersion = "Xcode 3.2";
			developmentRegion = English;
			hasScannedForEncodings = 0;
			knownRegions = (
				en,
				Base,
			);
			mainGroup = 05BF7FEB1BAC748800A88F65;
			productRefGroup = 05BF7FF51BAC748800A88F65 /* Products */;
			projectDirPath = "";
			projectRoot = "";
			targets = (
				05BF7FF31BAC748800A88F65 /* Console */,
			);
		};
/* End PBXProject section */

/* Begin PBXResourcesBuildPhase section */
		05BF7FF21BAC748800A88F65 /* Resources */ = {
			isa = PBXResourcesBuildPhase;
			buildActionMask = 2147483647;
			files = (
				05BF80101BAC754400A88F65 /* Assets.xcassets in Resources */,
				05A78D421BB058990070E7F0 /* MainWindowController.xib in Resources */,
				05BF80111BAC754400A88F65 /* MainMenu.xib in Resources */,
			);
			runOnlyForDeploymentPostprocessing = 0;
		};
/* End PBXResourcesBuildPhase section */

/* Begin PBXSourcesBuildPhase section */
		05BF7FF01BAC748800A88F65 /* Sources */ = {
			isa = PBXSourcesBuildPhase;
			buildActionMask = 2147483647;
			files = (
				052CAA371DA38B75001536E4 /* ArrayIsNotEmptyValueTransformer.m in Sources */,
				05A78D3F1BB058850070E7F0 /* MainWindowController.m in Sources */,
				052CAA311DA38B40001536E4 /* NumberToStringValueTransformer.m in Sources */,
				05A78D3C1BB050670070E7F0 /* ASL.m in Sources */,
				052CAA361DA38B75001536E4 /* ArrayIsEmptyValueTransformer.m in Sources */,
				05BF7FFC1BAC748800A88F65 /* main.m in Sources */,
				05A78D391BB044F30070E7F0 /* ASLMessage.m in Sources */,
				05BF800F1BAC754400A88F65 /* ApplicationDelegate.m in Sources */,
				05F921721BB0AACE00FD011C /* ASLSender.m in Sources */,
			);
			runOnlyForDeploymentPostprocessing = 0;
		};
/* End PBXSourcesBuildPhase section */

/* Begin PBXVariantGroup section */
		05A78D401BB058990070E7F0 /* MainWindowController.xib */ = {
			isa = PBXVariantGroup;
			children = (
				05A78D411BB058990070E7F0 /* Base */,
			);
			name = MainWindowController.xib;
			sourceTree = "<group>";
		};
		05BF800D1BAC754400A88F65 /* MainMenu.xib */ = {
			isa = PBXVariantGroup;
			children = (
				05BF800E1BAC754400A88F65 /* Base */,
			);
			name = MainMenu.xib;
			sourceTree = "<group>";
		};
/* End PBXVariantGroup section */

/* Begin XCBuildConfiguration section */
		05BF80031BAC748800A88F65 /* Debug */ = {
			isa = XCBuildConfiguration;
			buildSettings = {
				ALWAYS_SEARCH_USER_PATHS = NO;
				CLANG_ALLOW_NON_MODULAR_INCLUDES_IN_FRAMEWORK_MODULES = NO;
				CLANG_ANALYZER_DEADCODE_DEADSTORES = YES;
				CLANG_ANALYZER_GCD = YES;
				CLANG_ANALYZER_MEMORY_MANAGEMENT = YES;
				CLANG_ANALYZER_OBJC_ATSYNC = YES;
				CLANG_ANALYZER_OBJC_COLLECTIONS = YES;
				CLANG_ANALYZER_OBJC_INCOMP_METHOD_TYPES = YES;
				CLANG_ANALYZER_OBJC_NSCFERROR = YES;
				CLANG_ANALYZER_OBJC_RETAIN_COUNT = YES;
				CLANG_ANALYZER_OBJC_SELF_INIT = YES;
				CLANG_ANALYZER_OBJC_UNUSED_IVARS = YES;
				CLANG_ANALYZER_SECURITY_FLOATLOOPCOUNTER = YES;
				CLANG_ANALYZER_SECURITY_INSECUREAPI_GETPW_GETS = YES;
				CLANG_ANALYZER_SECURITY_INSECUREAPI_MKSTEMP = YES;
				CLANG_ANALYZER_SECURITY_INSECUREAPI_RAND = YES;
				CLANG_ANALYZER_SECURITY_INSECUREAPI_STRCPY = YES;
				CLANG_ANALYZER_SECURITY_INSECUREAPI_UNCHECKEDRETURN = YES;
				CLANG_ANALYZER_SECURITY_INSECUREAPI_VFORK = YES;
				CLANG_ANALYZER_SECURITY_KEYCHAIN_API = YES;
				CLANG_CXX_LANGUAGE_STANDARD = "c++0x";
				CLANG_CXX_LIBRARY = "libc++";
				CLANG_ENABLE_MODULES = YES;
				CLANG_ENABLE_MODULE_DEBUGGING = YES;
				CLANG_ENABLE_OBJC_ARC = YES;
				CLANG_LINK_OBJC_RUNTIME = YES;
				CLANG_MODULES_AUTOLINK = YES;
				CLANG_STATIC_ANALYZER_MODE = deep;
				CLANG_STATIC_ANALYZER_MODE_ON_ANALYZE_ACTION = deep;
				CLANG_WARN_ASSIGN_ENUM = YES;
				CLANG_WARN_BOOL_CONVERSION = YES;
				CLANG_WARN_CONSTANT_CONVERSION = YES;
				CLANG_WARN_CXX0X_EXTENSIONS = YES;
				CLANG_WARN_DEPRECATED_OBJC_IMPLEMENTATIONS = YES;
				CLANG_WARN_DIRECT_OBJC_ISA_USAGE = YES_ERROR;
				CLANG_WARN_DOCUMENTATION_COMMENTS = YES;
				CLANG_WARN_EMPTY_BODY = YES;
				CLANG_WARN_ENUM_CONVERSION = YES;
				CLANG_WARN_IMPLICIT_SIGN_CONVERSION = YES;
				CLANG_WARN_INFINITE_RECURSION = YES;
				CLANG_WARN_INT_CONVERSION = YES;
				CLANG_WARN_NULLABLE_TO_NONNULL_CONVERSION = YES;
				CLANG_WARN_OBJC_EXPLICIT_OWNERSHIP_TYPE = YES;
				CLANG_WARN_OBJC_IMPLICIT_ATOMIC_PROPERTIES = YES;
				CLANG_WARN_OBJC_IMPLICIT_RETAIN_SELF = YES;
				CLANG_WARN_OBJC_MISSING_PROPERTY_SYNTHESIS = NO;
				CLANG_WARN_OBJC_REPEATED_USE_OF_WEAK = YES;
				CLANG_WARN_OBJC_ROOT_CLASS = YES_ERROR;
				CLANG_WARN_SUSPICIOUS_IMPLICIT_CONVERSION = YES;
				CLANG_WARN_SUSPICIOUS_MOVE = YES;
				CLANG_WARN_UNREACHABLE_CODE = YES;
				CLANG_WARN__ARC_BRIDGE_CAST_NONARC = YES;
				CLANG_WARN__DUPLICATE_METHOD_MATCH = YES;
				CLANG_WARN__EXIT_TIME_DESTRUCTORS = YES;
				CODE_SIGN_IDENTITY = "-";
				COPY_PHASE_STRIP = NO;
				DEBUG_INFORMATION_FORMAT = dwarf;
				ENABLE_STRICT_OBJC_MSGSEND = YES;
				ENABLE_TESTABILITY = YES;
				GCC_C_LANGUAGE_STANDARD = c99;
				GCC_DYNAMIC_NO_PIC = NO;
				GCC_ENABLE_CPP_EXCEPTIONS = YES;
				GCC_ENABLE_CPP_RTTI = YES;
				GCC_ENABLE_OBJC_EXCEPTIONS = YES;
				GCC_NO_COMMON_BLOCKS = YES;
				GCC_OPTIMIZATION_LEVEL = 0;
				GCC_PREPROCESSOR_DEFINITIONS = (
					"DEBUG=1",
					"$(inherited)",
				);
				GCC_TREAT_IMPLICIT_FUNCTION_DECLARATIONS_AS_ERRORS = YES;
				GCC_TREAT_INCOMPATIBLE_POINTER_TYPE_WARNINGS_AS_ERRORS = YES;
				GCC_TREAT_WARNINGS_AS_ERRORS = YES;
				GCC_WARN_64_TO_32_BIT_CONVERSION = YES;
				GCC_WARN_ABOUT_DEPRECATED_FUNCTIONS = YES;
				GCC_WARN_ABOUT_INVALID_OFFSETOF_MACRO = YES;
				GCC_WARN_ABOUT_MISSING_FIELD_INITIALIZERS = YES;
				GCC_WARN_ABOUT_MISSING_NEWLINE = YES;
				GCC_WARN_ABOUT_MISSING_PROTOTYPES = YES;
				GCC_WARN_ABOUT_POINTER_SIGNEDNESS = YES;
				GCC_WARN_ABOUT_RETURN_TYPE = YES_ERROR;
				GCC_WARN_ALLOW_INCOMPLETE_PROTOCOL = YES;
				GCC_WARN_CHECK_SWITCH_STATEMENTS = YES;
				GCC_WARN_FOUR_CHARACTER_CONSTANTS = YES;
				GCC_WARN_HIDDEN_VIRTUAL_FUNCTIONS = YES;
				GCC_WARN_INHIBIT_ALL_WARNINGS = YES;
				GCC_WARN_INITIALIZER_NOT_FULLY_BRACKETED = YES;
				GCC_WARN_MISSING_PARENTHESES = YES;
				GCC_WARN_NON_VIRTUAL_DESTRUCTOR = YES;
				GCC_WARN_PEDANTIC = YES;
				GCC_WARN_SHADOW = YES;
				GCC_WARN_SIGN_COMPARE = YES;
				GCC_WARN_STRICT_SELECTOR_MATCH = YES;
				GCC_WARN_TYPECHECK_CALLS_TO_PRINTF = YES;
				GCC_WARN_UNDECLARED_SELECTOR = YES;
				GCC_WARN_UNINITIALIZED_AUTOS = YES_AGGRESSIVE;
				GCC_WARN_UNKNOWN_PRAGMAS = YES;
				GCC_WARN_UNUSED_FUNCTION = YES;
				GCC_WARN_UNUSED_LABEL = YES;
				GCC_WARN_UNUSED_PARAMETER = YES;
				GCC_WARN_UNUSED_VALUE = YES;
				GCC_WARN_UNUSED_VARIABLE = YES;
				MACOSX_DEPLOYMENT_TARGET = 10.11;
				MTL_ENABLE_DEBUG_INFO = YES;
				ONLY_ACTIVE_ARCH = YES;
				RUN_CLANG_STATIC_ANALYZER = YES;
				SDKROOT = macosx;
			};
			name = Debug;
		};
		05BF80041BAC748800A88F65 /* Release */ = {
			isa = XCBuildConfiguration;
			buildSettings = {
				ALWAYS_SEARCH_USER_PATHS = NO;
				CLANG_ALLOW_NON_MODULAR_INCLUDES_IN_FRAMEWORK_MODULES = NO;
				CLANG_ANALYZER_DEADCODE_DEADSTORES = YES;
				CLANG_ANALYZER_GCD = YES;
				CLANG_ANALYZER_MEMORY_MANAGEMENT = YES;
				CLANG_ANALYZER_OBJC_ATSYNC = YES;
				CLANG_ANALYZER_OBJC_COLLECTIONS = YES;
				CLANG_ANALYZER_OBJC_INCOMP_METHOD_TYPES = YES;
				CLANG_ANALYZER_OBJC_NSCFERROR = YES;
				CLANG_ANALYZER_OBJC_RETAIN_COUNT = YES;
				CLANG_ANALYZER_OBJC_SELF_INIT = YES;
				CLANG_ANALYZER_OBJC_UNUSED_IVARS = YES;
				CLANG_ANALYZER_SECURITY_FLOATLOOPCOUNTER = YES;
				CLANG_ANALYZER_SECURITY_INSECUREAPI_GETPW_GETS = YES;
				CLANG_ANALYZER_SECURITY_INSECUREAPI_MKSTEMP = YES;
				CLANG_ANALYZER_SECURITY_INSECUREAPI_RAND = YES;
				CLANG_ANALYZER_SECURITY_INSECUREAPI_STRCPY = YES;
				CLANG_ANALYZER_SECURITY_INSECUREAPI_UNCHECKEDRETURN = YES;
				CLANG_ANALYZER_SECURITY_INSECUREAPI_VFORK = YES;
				CLANG_ANALYZER_SECURITY_KEYCHAIN_API = YES;
				CLANG_CXX_LANGUAGE_STANDARD = "c++0x";
				CLANG_CXX_LIBRARY = "libc++";
				CLANG_ENABLE_MODULES = YES;
				CLANG_ENABLE_MODULE_DEBUGGING = YES;
				CLANG_ENABLE_OBJC_ARC = YES;
				CLANG_LINK_OBJC_RUNTIME = YES;
				CLANG_MODULES_AUTOLINK = YES;
				CLANG_STATIC_ANALYZER_MODE = deep;
				CLANG_STATIC_ANALYZER_MODE_ON_ANALYZE_ACTION = deep;
				CLANG_WARN_ASSIGN_ENUM = YES;
				CLANG_WARN_BOOL_CONVERSION = YES;
				CLANG_WARN_CONSTANT_CONVERSION = YES;
				CLANG_WARN_CXX0X_EXTENSIONS = YES;
				CLANG_WARN_DEPRECATED_OBJC_IMPLEMENTATIONS = YES;
				CLANG_WARN_DIRECT_OBJC_ISA_USAGE = YES_ERROR;
				CLANG_WARN_DOCUMENTATION_COMMENTS = YES;
				CLANG_WARN_EMPTY_BODY = YES;
				CLANG_WARN_ENUM_CONVERSION = YES;
				CLANG_WARN_IMPLICIT_SIGN_CONVERSION = YES;
				CLANG_WARN_INFINITE_RECURSION = YES;
				CLANG_WARN_INT_CONVERSION = YES;
				CLANG_WARN_NULLABLE_TO_NONNULL_CONVERSION = YES;
				CLANG_WARN_OBJC_EXPLICIT_OWNERSHIP_TYPE = YES;
				CLANG_WARN_OBJC_IMPLICIT_ATOMIC_PROPERTIES = YES;
				CLANG_WARN_OBJC_IMPLICIT_RETAIN_SELF = YES;
				CLANG_WARN_OBJC_MISSING_PROPERTY_SYNTHESIS = NO;
				CLANG_WARN_OBJC_REPEATED_USE_OF_WEAK = YES;
				CLANG_WARN_OBJC_ROOT_CLASS = YES_ERROR;
				CLANG_WARN_SUSPICIOUS_IMPLICIT_CONVERSION = YES;
				CLANG_WARN_SUSPICIOUS_MOVE = YES;
				CLANG_WARN_UNREACHABLE_CODE = YES;
				CLANG_WARN__ARC_BRIDGE_CAST_NONARC = YES;
				CLANG_WARN__DUPLICATE_METHOD_MATCH = YES;
				CLANG_WARN__EXIT_TIME_DESTRUCTORS = YES;
				CODE_SIGN_IDENTITY = "-";
				COPY_PHASE_STRIP = NO;
				DEBUG_INFORMATION_FORMAT = "dwarf-with-dsym";
				ENABLE_NS_ASSERTIONS = NO;
				ENABLE_STRICT_OBJC_MSGSEND = YES;
				GCC_C_LANGUAGE_STANDARD = c99;
				GCC_ENABLE_CPP_EXCEPTIONS = YES;
				GCC_ENABLE_CPP_RTTI = YES;
				GCC_ENABLE_OBJC_EXCEPTIONS = YES;
				GCC_NO_COMMON_BLOCKS = YES;
				GCC_TREAT_IMPLICIT_FUNCTION_DECLARATIONS_AS_ERRORS = YES;
				GCC_TREAT_INCOMPATIBLE_POINTER_TYPE_WARNINGS_AS_ERRORS = YES;
				GCC_TREAT_WARNINGS_AS_ERRORS = YES;
				GCC_WARN_64_TO_32_BIT_CONVERSION = YES;
				GCC_WARN_ABOUT_DEPRECATED_FUNCTIONS = YES;
				GCC_WARN_ABOUT_INVALID_OFFSETOF_MACRO = YES;
				GCC_WARN_ABOUT_MISSING_FIELD_INITIALIZERS = YES;
				GCC_WARN_ABOUT_MISSING_NEWLINE = YES;
				GCC_WARN_ABOUT_MISSING_PROTOTYPES = YES;
				GCC_WARN_ABOUT_POINTER_SIGNEDNESS = YES;
				GCC_WARN_ABOUT_RETURN_TYPE = YES_ERROR;
				GCC_WARN_ALLOW_INCOMPLETE_PROTOCOL = YES;
				GCC_WARN_CHECK_SWITCH_STATEMENTS = YES;
				GCC_WARN_FOUR_CHARACTER_CONSTANTS = YES;
				GCC_WARN_HIDDEN_VIRTUAL_FUNCTIONS = YES;
				GCC_WARN_INHIBIT_ALL_WARNINGS = YES;
				GCC_WARN_INITIALIZER_NOT_FULLY_BRACKETED = YES;
				GCC_WARN_MISSING_PARENTHESES = YES;
				GCC_WARN_NON_VIRTUAL_DESTRUCTOR = YES;
				GCC_WARN_PEDANTIC = YES;
				GCC_WARN_SHADOW = YES;
				GCC_WARN_SIGN_COMPARE = YES;
				GCC_WARN_STRICT_SELECTOR_MATCH = YES;
				GCC_WARN_TYPECHECK_CALLS_TO_PRINTF = YES;
				GCC_WARN_UNDECLARED_SELECTOR = YES;
				GCC_WARN_UNINITIALIZED_AUTOS = YES_AGGRESSIVE;
				GCC_WARN_UNKNOWN_PRAGMAS = YES;
				GCC_WARN_UNUSED_FUNCTION = YES;
				GCC_WARN_UNUSED_LABEL = YES;
				GCC_WARN_UNUSED_PARAMETER = YES;
				GCC_WARN_UNUSED_VALUE = YES;
				GCC_WARN_UNUSED_VARIABLE = YES;
				MACOSX_DEPLOYMENT_TARGET = 10.11;
				MTL_ENABLE_DEBUG_INFO = NO;
				RUN_CLANG_STATIC_ANALYZER = YES;
				SDKROOT = macosx;
			};
			name = Release;
		};
		05BF80061BAC748800A88F65 /* Debug */ = {
			isa = XCBuildConfiguration;
			buildSettings = {
				ASSETCATALOG_COMPILER_APPICON_NAME = AppIcon;
				COMBINE_HIDPI_IMAGES = YES;
				GCC_PRECOMPILE_PREFIX_HEADER = YES;
				GCC_PREFIX_HEADER = "Console/Console-Prefix.pch";
				INFOPLIST_FILE = Console/Info.plist;
				LD_RUNPATH_SEARCH_PATHS = "$(inherited) @executable_path/../Frameworks";
				PRODUCT_BUNDLE_IDENTIFIER = "com.xs-labs.Console";
				PRODUCT_NAME = "$(TARGET_NAME)";
			};
			name = Debug;
		};
		05BF80071BAC748800A88F65 /* Release */ = {
			isa = XCBuildConfiguration;
			buildSettings = {
				ASSETCATALOG_COMPILER_APPICON_NAME = AppIcon;
				COMBINE_HIDPI_IMAGES = YES;
				GCC_PRECOMPILE_PREFIX_HEADER = YES;
				GCC_PREFIX_HEADER = "Console/Console-Prefix.pch";
				INFOPLIST_FILE = Console/Info.plist;
				LD_RUNPATH_SEARCH_PATHS = "$(inherited) @executable_path/../Frameworks";
				PRODUCT_BUNDLE_IDENTIFIER = "com.xs-labs.Console";
				PRODUCT_NAME = "$(TARGET_NAME)";
			};
			name = Release;
		};
/* End XCBuildConfiguration section */

/* Begin XCConfigurationList section */
		05BF7FEF1BAC748800A88F65 /* Build configuration list for PBXProject "Console" */ = {
			isa = XCConfigurationList;
			buildConfigurations = (
				05BF80031BAC748800A88F65 /* Debug */,
				05BF80041BAC748800A88F65 /* Release */,
			);
			defaultConfigurationIsVisible = 0;
			defaultConfigurationName = Release;
		};
		05BF80051BAC748800A88F65 /* Build configuration list for PBXNativeTarget "Console" */ = {
			isa = XCConfigurationList;
			buildConfigurations = (
				05BF80061BAC748800A88F65 /* Debug */,
				05BF80071BAC748800A88F65 /* Release */,
			);
			defaultConfigurationIsVisible = 0;
			defaultConfigurationName = Release;
		};
/* End XCConfigurationList section */
	};
	rootObject = 05BF7FEC1BAC748800A88F65 /* Project object */;
}
