// !$*UTF8*$!
{
	archiveVersion = 1;
	classes = {
	};
	objectVersion = 46;
	objects = {

/* Begin PBXBuildFile section */
		052CAA3A1DA394D7001536E4 /* Console.icns in Resources */ = {isa = PBXBuildFile; fileRef = 052CAA391DA394D7001536E4 /* Console.icns */; };
		053291051DA44EF200E46312 /* Defaults.plist in Resources */ = {isa = PBXBuildFile; fileRef = 053291041DA44EF200E46312 /* Defaults.plist */; };
		055F18881F893A1D00EBDEE1 /* ArrayIsNotEmptyValueTransformer.swift in Sources */ = {isa = PBXBuildFile; fileRef = 055F18861F893A1D00EBDEE1 /* ArrayIsNotEmptyValueTransformer.swift */; };
		055F18891F893A1D00EBDEE1 /* ArrayIsEmptyValueTransformer.swift in Sources */ = {isa = PBXBuildFile; fileRef = 055F18871F893A1D00EBDEE1 /* ArrayIsEmptyValueTransformer.swift */; };
		055F188B1F893A4E00EBDEE1 /* NumberToStringValueTransformer.swift in Sources */ = {isa = PBXBuildFile; fileRef = 055F188A1F893A4E00EBDEE1 /* NumberToStringValueTransformer.swift */; };
		055F188F1F893C5600EBDEE1 /* AboutWindowController.swift in Sources */ = {isa = PBXBuildFile; fileRef = 055F188E1F893C5500EBDEE1 /* AboutWindowController.swift */; };
		055F18901F893CB100EBDEE1 /* Console.AboutWindowController.xib in Resources */ = {isa = PBXBuildFile; fileRef = 055F188C1F893C4500EBDEE1 /* Console.AboutWindowController.xib */; };
		055F18921F893D0800EBDEE1 /* PreferencesWindowController.swift in Sources */ = {isa = PBXBuildFile; fileRef = 055F18911F893D0800EBDEE1 /* PreferencesWindowController.swift */; };
		055F18941F893D4E00EBDEE1 /* Preferences.swift in Sources */ = {isa = PBXBuildFile; fileRef = 055F18931F893D4E00EBDEE1 /* Preferences.swift */; };
		055F18961F893E2E00EBDEE1 /* ApplicationDelegate.swift in Sources */ = {isa = PBXBuildFile; fileRef = 055F18951F893E2E00EBDEE1 /* ApplicationDelegate.swift */; };
		055F18981F893F5900EBDEE1 /* MainWindowController.swift in Sources */ = {isa = PBXBuildFile; fileRef = 055F18971F893F5900EBDEE1 /* MainWindowController.swift */; };
		05A78D421BB058990070E7F0 /* Console.MainWindowController.xib in Resources */ = {isa = PBXBuildFile; fileRef = 05A78D401BB058990070E7F0 /* Console.MainWindowController.xib */; };
		05BF80111BAC754400A88F65 /* MainMenu.xib in Resources */ = {isa = PBXBuildFile; fileRef = 05BF800D1BAC754400A88F65 /* MainMenu.xib */; };
		05CD94DF1F8A620B00B60CFC /* NSArrayController.swift in Sources */ = {isa = PBXBuildFile; fileRef = 05CD94DE1F8A61F100B60CFC /* NSArrayController.swift */; };
		05CD94E21F8A6B1800B60CFC /* ASLMessage.swift in Sources */ = {isa = PBXBuildFile; fileRef = 05CD94E11F8A6B1800B60CFC /* ASLMessage.swift */; };
		05CD94E51F8A7A4E00B60CFC /* ASLSender.swift in Sources */ = {isa = PBXBuildFile; fileRef = 05CD94E41F8A7A4E00B60CFC /* ASLSender.swift */; };
		05CD94E71F8A817800B60CFC /* ASL.swift in Sources */ = {isa = PBXBuildFile; fileRef = 05CD94E61F8A817800B60CFC /* ASL.swift */; };
		05CD94F31F8A8AB800B60CFC /* GitHubUpdates.framework in Frameworks */ = {isa = PBXBuildFile; fileRef = 05CD94EE1F8A8AA700B60CFC /* GitHubUpdates.framework */; };
		05CD94F51F8A8AC000B60CFC /* GitHubUpdates.framework in CopyFiles */ = {isa = PBXBuildFile; fileRef = 05CD94EE1F8A8AA700B60CFC /* GitHubUpdates.framework */; settings = {ATTRIBUTES = (CodeSignOnCopy, RemoveHeadersOnCopy, ); }; };
		05D79B3B1E6E116D00A9467D /* Console.PreferencesWindowController.xib in Resources */ = {isa = PBXBuildFile; fileRef = 05D79B391E6E116D00A9467D /* Console.PreferencesWindowController.xib */; };
		05EE15DB1EBCEBC8004AED58 /* Cocoa.framework in Frameworks */ = {isa = PBXBuildFile; fileRef = 05EE15DA1EBCEBC8004AED58 /* Cocoa.framework */; };
/* End PBXBuildFile section */

/* Begin PBXContainerItemProxy section */
		05CD94ED1F8A8AA700B60CFC /* PBXContainerItemProxy */ = {
			isa = PBXContainerItemProxy;
			containerPortal = 05CD94E81F8A8AA700B60CFC /* GitHubUpdates.xcodeproj */;
			proxyType = 2;
			remoteGlobalIDString = 05F82B251EF32EA700EC8A93;
			remoteInfo = GitHubUpdates;
		};
		05CD94EF1F8A8AA700B60CFC /* PBXContainerItemProxy */ = {
			isa = PBXContainerItemProxy;
			containerPortal = 05CD94E81F8A8AA700B60CFC /* GitHubUpdates.xcodeproj */;
			proxyType = 2;
			remoteGlobalIDString = 0555EBA01EF3DDA10016167F;
			remoteInfo = Relauncher;
		};
		05CD94F11F8A8AB500B60CFC /* PBXContainerItemProxy */ = {
			isa = PBXContainerItemProxy;
			containerPortal = 05CD94E81F8A8AA700B60CFC /* GitHubUpdates.xcodeproj */;
			proxyType = 1;
			remoteGlobalIDString = 05F82B241EF32EA700EC8A93;
			remoteInfo = GitHubUpdates;
		};
/* End PBXContainerItemProxy section */

/* Begin PBXCopyFilesBuildPhase section */
		05CD94F41F8A8ABB00B60CFC /* CopyFiles */ = {
			isa = PBXCopyFilesBuildPhase;
			buildActionMask = 2147483647;
			dstPath = "";
			dstSubfolderSpec = 10;
			files = (
				05CD94F51F8A8AC000B60CFC /* GitHubUpdates.framework in CopyFiles */,
			);
			runOnlyForDeploymentPostprocessing = 0;
		};
/* End PBXCopyFilesBuildPhase section */

/* Begin PBXFileReference section */
		052CAA391DA394D7001536E4 /* Console.icns */ = {isa = PBXFileReference; lastKnownFileType = image.icns; path = Console.icns; sourceTree = "<group>"; };
		053291041DA44EF200E46312 /* Defaults.plist */ = {isa = PBXFileReference; fileEncoding = 4; lastKnownFileType = text.plist.xml; path = Defaults.plist; sourceTree = "<group>"; };
		055F18861F893A1D00EBDEE1 /* ArrayIsNotEmptyValueTransformer.swift */ = {isa = PBXFileReference; fileEncoding = 4; lastKnownFileType = sourcecode.swift; path = ArrayIsNotEmptyValueTransformer.swift; sourceTree = "<group>"; };
		055F18871F893A1D00EBDEE1 /* ArrayIsEmptyValueTransformer.swift */ = {isa = PBXFileReference; fileEncoding = 4; lastKnownFileType = sourcecode.swift; path = ArrayIsEmptyValueTransformer.swift; sourceTree = "<group>"; };
		055F188A1F893A4E00EBDEE1 /* NumberToStringValueTransformer.swift */ = {isa = PBXFileReference; lastKnownFileType = sourcecode.swift; path = NumberToStringValueTransformer.swift; sourceTree = "<group>"; };
		055F188D1F893C4500EBDEE1 /* Base */ = {isa = PBXFileReference; lastKnownFileType = file.xib; name = Base; path = Base.lproj/Console.AboutWindowController.xib; sourceTree = "<group>"; };
		055F188E1F893C5500EBDEE1 /* AboutWindowController.swift */ = {isa = PBXFileReference; lastKnownFileType = sourcecode.swift; path = AboutWindowController.swift; sourceTree = "<group>"; };
		055F18911F893D0800EBDEE1 /* PreferencesWindowController.swift */ = {isa = PBXFileReference; lastKnownFileType = sourcecode.swift; path = PreferencesWindowController.swift; sourceTree = "<group>"; };
		055F18931F893D4E00EBDEE1 /* Preferences.swift */ = {isa = PBXFileReference; lastKnownFileType = sourcecode.swift; path = Preferences.swift; sourceTree = "<group>"; };
		055F18951F893E2E00EBDEE1 /* ApplicationDelegate.swift */ = {isa = PBXFileReference; lastKnownFileType = sourcecode.swift; path = ApplicationDelegate.swift; sourceTree = "<group>"; };
		055F18971F893F5900EBDEE1 /* MainWindowController.swift */ = {isa = PBXFileReference; lastKnownFileType = sourcecode.swift; path = MainWindowController.swift; sourceTree = "<group>"; };
		05A78D411BB058990070E7F0 /* Base */ = {isa = PBXFileReference; lastKnownFileType = file.xib; name = Base; path = Base.lproj/Console.MainWindowController.xib; sourceTree = "<group>"; };
		05BF7FF41BAC748800A88F65 /* Console.app */ = {isa = PBXFileReference; explicitFileType = wrapper.application; includeInIndex = 0; path = Console.app; sourceTree = BUILT_PRODUCTS_DIR; };
		05BF80021BAC748800A88F65 /* Info.plist */ = {isa = PBXFileReference; lastKnownFileType = text.plist.xml; path = Info.plist; sourceTree = "<group>"; };
		05BF800E1BAC754400A88F65 /* Base */ = {isa = PBXFileReference; lastKnownFileType = file.xib; name = Base; path = Base.lproj/MainMenu.xib; sourceTree = "<group>"; };
		05CD94DE1F8A61F100B60CFC /* NSArrayController.swift */ = {isa = PBXFileReference; lastKnownFileType = sourcecode.swift; path = NSArrayController.swift; sourceTree = "<group>"; };
		05CD94E11F8A6B1800B60CFC /* ASLMessage.swift */ = {isa = PBXFileReference; lastKnownFileType = sourcecode.swift; path = ASLMessage.swift; sourceTree = "<group>"; };
		05CD94E41F8A7A4E00B60CFC /* ASLSender.swift */ = {isa = PBXFileReference; lastKnownFileType = sourcecode.swift; path = ASLSender.swift; sourceTree = "<group>"; };
		05CD94E61F8A817800B60CFC /* ASL.swift */ = {isa = PBXFileReference; lastKnownFileType = sourcecode.swift; path = ASL.swift; sourceTree = "<group>"; };
		05CD94E81F8A8AA700B60CFC /* GitHubUpdates.xcodeproj */ = {isa = PBXFileReference; lastKnownFileType = "wrapper.pb-project"; name = GitHubUpdates.xcodeproj; path = Submodules/GitHubUpdates/GitHubUpdates.xcodeproj; sourceTree = "<group>"; };
		05D79B381E6E081200A9467D /* README.md */ = {isa = PBXFileReference; lastKnownFileType = net.daringfireball.markdown; path = README.md; sourceTree = "<group>"; };
		05D79B3A1E6E116D00A9467D /* Base */ = {isa = PBXFileReference; lastKnownFileType = file.xib; name = Base; path = Base.lproj/Console.PreferencesWindowController.xib; sourceTree = "<group>"; };
		05EB89E32141BFE800B769F5 /* Release - ccache.xcconfig */ = {isa = PBXFileReference; lastKnownFileType = text.xcconfig; path = "Release - ccache.xcconfig"; sourceTree = "<group>"; };
		05EB89E42141BFE800B769F5 /* Common.xcconfig */ = {isa = PBXFileReference; lastKnownFileType = text.xcconfig; path = Common.xcconfig; sourceTree = "<group>"; };
		05EB89E52141BFE800B769F5 /* Debug - ccache.xcconfig */ = {isa = PBXFileReference; lastKnownFileType = text.xcconfig; path = "Debug - ccache.xcconfig"; sourceTree = "<group>"; };
		05EB89E62141BFE800B769F5 /* Debug.xcconfig */ = {isa = PBXFileReference; lastKnownFileType = text.xcconfig; path = Debug.xcconfig; sourceTree = "<group>"; };
		05EB89E72141BFE800B769F5 /* Release.xcconfig */ = {isa = PBXFileReference; lastKnownFileType = text.xcconfig; path = Release.xcconfig; sourceTree = "<group>"; };
		05EB89E82141BFE800B769F5 /* README.md */ = {isa = PBXFileReference; lastKnownFileType = net.daringfireball.markdown; path = README.md; sourceTree = "<group>"; };
		05EB89EA2141BFE800B769F5 /* Signing.xcconfig */ = {isa = PBXFileReference; lastKnownFileType = text.xcconfig; path = Signing.xcconfig; sourceTree = "<group>"; };
		05EB89EB2141BFE800B769F5 /* Architectures.xcconfig */ = {isa = PBXFileReference; lastKnownFileType = text.xcconfig; path = Architectures.xcconfig; sourceTree = "<group>"; };
		05EB89ED2141BFE800B769F5 /* Issues.xcconfig */ = {isa = PBXFileReference; lastKnownFileType = text.xcconfig; path = Issues.xcconfig; sourceTree = "<group>"; };
		05EB89EF2141BFE800B769F5 /* Apple-APIs.xcconfig */ = {isa = PBXFileReference; lastKnownFileType = text.xcconfig; path = "Apple-APIs.xcconfig"; sourceTree = "<group>"; };
		05EB89F02141BFE800B769F5 /* Generic-Issues.xcconfig */ = {isa = PBXFileReference; lastKnownFileType = text.xcconfig; path = "Generic-Issues.xcconfig"; sourceTree = "<group>"; };
		05EB89F12141BFE800B769F5 /* Security.xcconfig */ = {isa = PBXFileReference; lastKnownFileType = text.xcconfig; path = Security.xcconfig; sourceTree = "<group>"; };
		05EB89F22141BFE800B769F5 /* Objective-C.xcconfig */ = {isa = PBXFileReference; lastKnownFileType = text.xcconfig; path = "Objective-C.xcconfig"; sourceTree = "<group>"; };
		05EB89F32141BFE800B769F5 /* Analysis-Policy.xcconfig */ = {isa = PBXFileReference; lastKnownFileType = text.xcconfig; path = "Analysis-Policy.xcconfig"; sourceTree = "<group>"; };
		05EB89F42141BFE800B769F5 /* Deployment.xcconfig */ = {isa = PBXFileReference; lastKnownFileType = text.xcconfig; path = Deployment.xcconfig; sourceTree = "<group>"; };
		05EB89F52141BFE800B769F5 /* Build-Options.xcconfig */ = {isa = PBXFileReference; lastKnownFileType = text.xcconfig; path = "Build-Options.xcconfig"; sourceTree = "<group>"; };
		05EB89F62141BFE800B769F5 /* Swift-Compiler.xcconfig */ = {isa = PBXFileReference; lastKnownFileType = text.xcconfig; path = "Swift-Compiler.xcconfig"; sourceTree = "<group>"; };
		05EB89F72141BFE800B769F5 /* Static-Analyzer.xcconfig */ = {isa = PBXFileReference; lastKnownFileType = text.xcconfig; path = "Static-Analyzer.xcconfig"; sourceTree = "<group>"; };
		05EB89F92141BFE800B769F5 /* Warnings-Policies.xcconfig */ = {isa = PBXFileReference; lastKnownFileType = text.xcconfig; path = "Warnings-Policies.xcconfig"; sourceTree = "<group>"; };
		05EB89FA2141BFE800B769F5 /* Code-Generation.xcconfig */ = {isa = PBXFileReference; lastKnownFileType = text.xcconfig; path = "Code-Generation.xcconfig"; sourceTree = "<group>"; };
		05EB89FB2141BFE800B769F5 /* Language.xcconfig */ = {isa = PBXFileReference; lastKnownFileType = text.xcconfig; path = Language.xcconfig; sourceTree = "<group>"; };
		05EB89FC2141BFE800B769F5 /* General.xcconfig */ = {isa = PBXFileReference; lastKnownFileType = text.xcconfig; path = General.xcconfig; sourceTree = "<group>"; };
		05EB89FD2141BFE800B769F5 /* Search-Paths.xcconfig */ = {isa = PBXFileReference; lastKnownFileType = text.xcconfig; path = "Search-Paths.xcconfig"; sourceTree = "<group>"; };
		05EB89FE2141BFE800B769F5 /* Apple-LLVM.xcconfig */ = {isa = PBXFileReference; lastKnownFileType = text.xcconfig; path = "Apple-LLVM.xcconfig"; sourceTree = "<group>"; };
		05EB8A012141BFE800B769F5 /* Modules.xcconfig */ = {isa = PBXFileReference; lastKnownFileType = text.xcconfig; path = Modules.xcconfig; sourceTree = "<group>"; };
		05EB8A022141BFE800B769F5 /* Objective-C.xcconfig */ = {isa = PBXFileReference; lastKnownFileType = text.xcconfig; path = "Objective-C.xcconfig"; sourceTree = "<group>"; };
		05EB8A032141BFE800B769F5 /* C++.xcconfig */ = {isa = PBXFileReference; lastKnownFileType = text.xcconfig; path = "C++.xcconfig"; sourceTree = "<group>"; };
		05EB8A042141BFE800B769F5 /* Code-Generation.xcconfig */ = {isa = PBXFileReference; lastKnownFileType = text.xcconfig; path = "Code-Generation.xcconfig"; sourceTree = "<group>"; };
		05EB8A052141BFE800B769F5 /* Address-Sanitizer.xcconfig */ = {isa = PBXFileReference; lastKnownFileType = text.xcconfig; path = "Address-Sanitizer.xcconfig"; sourceTree = "<group>"; };
		05EB8A062141BFE800B769F5 /* Language.xcconfig */ = {isa = PBXFileReference; lastKnownFileType = text.xcconfig; path = Language.xcconfig; sourceTree = "<group>"; };
		05EB8A072141BFE800B769F5 /* Warnings.xcconfig */ = {isa = PBXFileReference; lastKnownFileType = text.xcconfig; path = Warnings.xcconfig; sourceTree = "<group>"; };
		05EB8A082141BFE800B769F5 /* Undefined-Behavior-Sanitizer.xcconfig */ = {isa = PBXFileReference; lastKnownFileType = text.xcconfig; path = "Undefined-Behavior-Sanitizer.xcconfig"; sourceTree = "<group>"; };
		05EB8A092141BFE800B769F5 /* Warning-Policies.xcconfig */ = {isa = PBXFileReference; lastKnownFileType = text.xcconfig; path = "Warning-Policies.xcconfig"; sourceTree = "<group>"; };
		05EB8A0B2141BFE800B769F5 /* Objective-C-ARC.xcconfig */ = {isa = PBXFileReference; lastKnownFileType = text.xcconfig; path = "Objective-C-ARC.xcconfig"; sourceTree = "<group>"; };
		05EB8A0C2141BFE800B769F5 /* Objective-C.xcconfig */ = {isa = PBXFileReference; lastKnownFileType = text.xcconfig; path = "Objective-C.xcconfig"; sourceTree = "<group>"; };
		05EB8A0D2141BFE800B769F5 /* C++.xcconfig */ = {isa = PBXFileReference; lastKnownFileType = text.xcconfig; path = "C++.xcconfig"; sourceTree = "<group>"; };
		05EB8A0E2141BFE800B769F5 /* All-Languages.xcconfig */ = {isa = PBXFileReference; lastKnownFileType = text.xcconfig; path = "All-Languages.xcconfig"; sourceTree = "<group>"; };
		05EB8A0F2141BFE800B769F5 /* Preprocessing.xcconfig */ = {isa = PBXFileReference; lastKnownFileType = text.xcconfig; path = Preprocessing.xcconfig; sourceTree = "<group>"; };
		05EB8A102141BFE800B769F5 /* .gitignore */ = {isa = PBXFileReference; lastKnownFileType = text; path = .gitignore; sourceTree = "<group>"; };
		05EB8A122141BFE800B769F5 /* ccache-config.sh */ = {isa = PBXFileReference; lastKnownFileType = text.script.sh; path = "ccache-config.sh"; sourceTree = "<group>"; };
		05EB8A132141BFE800B769F5 /* ccache.sh */ = {isa = PBXFileReference; lastKnownFileType = text.script.sh; path = ccache.sh; sourceTree = "<group>"; };
		05EE15DA1EBCEBC8004AED58 /* Cocoa.framework */ = {isa = PBXFileReference; lastKnownFileType = wrapper.framework; name = Cocoa.framework; path = System/Library/Frameworks/Cocoa.framework; sourceTree = SDKROOT; };
/* End PBXFileReference section */

/* Begin PBXFrameworksBuildPhase section */
		05BF7FF11BAC748800A88F65 /* Frameworks */ = {
			isa = PBXFrameworksBuildPhase;
			buildActionMask = 2147483647;
			files = (
				05CD94F31F8A8AB800B60CFC /* GitHubUpdates.framework in Frameworks */,
				05EE15DB1EBCEBC8004AED58 /* Cocoa.framework in Frameworks */,
			);
			runOnlyForDeploymentPostprocessing = 0;
		};
/* End PBXFrameworksBuildPhase section */

/* Begin PBXGroup section */
		052CAA2E1DA38B40001536E4 /* Transformers */ = {
			isa = PBXGroup;
			children = (
				055F18871F893A1D00EBDEE1 /* ArrayIsEmptyValueTransformer.swift */,
				055F18861F893A1D00EBDEE1 /* ArrayIsNotEmptyValueTransformer.swift */,
				055F188A1F893A4E00EBDEE1 /* NumberToStringValueTransformer.swift */,
			);
			path = Transformers;
			sourceTree = "<group>";
		};
		052CAA381DA394D7001536E4 /* Images */ = {
			isa = PBXGroup;
			children = (
				052CAA391DA394D7001536E4 /* Console.icns */,
			);
			path = Images;
			sourceTree = "<group>";
		};
		05A78D361BB044F30070E7F0 /* ASL */ = {
			isa = PBXGroup;
			children = (
				05CD94E61F8A817800B60CFC /* ASL.swift */,
				05CD94E11F8A6B1800B60CFC /* ASLMessage.swift */,
				05CD94E41F8A7A4E00B60CFC /* ASLSender.swift */,
			);
			path = ASL;
			sourceTree = "<group>";
		};
		05BF7FEB1BAC748800A88F65 = {
			isa = PBXGroup;
			children = (
				05D79B381E6E081200A9467D /* README.md */,
				05CD94E81F8A8AA700B60CFC /* GitHubUpdates.xcodeproj */,
				05EB89E22141BFE800B769F5 /* xcconfig */,
				05BF7FF61BAC748800A88F65 /* Console */,
				05BF7FF51BAC748800A88F65 /* Products */,
				05EE15D91EBCEBC8004AED58 /* Frameworks */,
			);
			sourceTree = "<group>";
		};
		05BF7FF51BAC748800A88F65 /* Products */ = {
			isa = PBXGroup;
			children = (
				05BF7FF41BAC748800A88F65 /* Console.app */,
			);
			name = Products;
			sourceTree = "<group>";
		};
		05BF7FF61BAC748800A88F65 /* Console */ = {
			isa = PBXGroup;
			children = (
				05BF80081BAC754400A88F65 /* Classes */,
				05BF7FFA1BAC748800A88F65 /* Supporting Files */,
				05BF800B1BAC754400A88F65 /* UI */,
			);
			path = Console;
			sourceTree = "<group>";
		};
		05BF7FFA1BAC748800A88F65 /* Supporting Files */ = {
			isa = PBXGroup;
			children = (
				053291041DA44EF200E46312 /* Defaults.plist */,
				05BF80021BAC748800A88F65 /* Info.plist */,
			);
			name = "Supporting Files";
			sourceTree = "<group>";
		};
		05BF80081BAC754400A88F65 /* Classes */ = {
			isa = PBXGroup;
			children = (
				055F188E1F893C5500EBDEE1 /* AboutWindowController.swift */,
				055F18951F893E2E00EBDEE1 /* ApplicationDelegate.swift */,
				05A78D361BB044F30070E7F0 /* ASL */,
				05CD94DD1F8A61F100B60CFC /* Extensions */,
				055F18971F893F5900EBDEE1 /* MainWindowController.swift */,
				055F18931F893D4E00EBDEE1 /* Preferences.swift */,
				055F18911F893D0800EBDEE1 /* PreferencesWindowController.swift */,
				052CAA2E1DA38B40001536E4 /* Transformers */,
			);
			path = Classes;
			sourceTree = "<group>";
		};
		05BF800B1BAC754400A88F65 /* UI */ = {
			isa = PBXGroup;
			children = (
				052CAA381DA394D7001536E4 /* Images */,
				055F188C1F893C4500EBDEE1 /* Console.AboutWindowController.xib */,
				05BF800D1BAC754400A88F65 /* MainMenu.xib */,
				05A78D401BB058990070E7F0 /* Console.MainWindowController.xib */,
				05D79B391E6E116D00A9467D /* Console.PreferencesWindowController.xib */,
			);
			path = UI;
			sourceTree = "<group>";
		};
		05CD94DD1F8A61F100B60CFC /* Extensions */ = {
			isa = PBXGroup;
			children = (
				05CD94DE1F8A61F100B60CFC /* NSArrayController.swift */,
			);
			path = Extensions;
			sourceTree = "<group>";
		};
		05CD94E91F8A8AA700B60CFC /* Products */ = {
			isa = PBXGroup;
			children = (
				05CD94EE1F8A8AA700B60CFC /* GitHubUpdates.framework */,
				05CD94F01F8A8AA700B60CFC /* Relauncher */,
			);
			name = Products;
			sourceTree = "<group>";
		};
		05EB89E22141BFE800B769F5 /* xcconfig */ = {
			isa = PBXGroup;
			children = (
				05EB89E32141BFE800B769F5 /* Release - ccache.xcconfig */,
				05EB89E42141BFE800B769F5 /* Common.xcconfig */,
				05EB89E52141BFE800B769F5 /* Debug - ccache.xcconfig */,
				05EB89E62141BFE800B769F5 /* Debug.xcconfig */,
				05EB89E72141BFE800B769F5 /* Release.xcconfig */,
				05EB89E82141BFE800B769F5 /* README.md */,
				05EB89E92141BFE800B769F5 /* Common */,
				05EB8A102141BFE800B769F5 /* .gitignore */,
				05EB8A112141BFE800B769F5 /* Scripts */,
			);
			name = xcconfig;
			path = Submodules/xcconfig;
			sourceTree = "<group>";
		};
		05EB89E92141BFE800B769F5 /* Common */ = {
			isa = PBXGroup;
			children = (
				05EB89EA2141BFE800B769F5 /* Signing.xcconfig */,
				05EB89EB2141BFE800B769F5 /* Architectures.xcconfig */,
				05EB89EC2141BFE800B769F5 /* Static-Analyzer */,
				05EB89F42141BFE800B769F5 /* Deployment.xcconfig */,
				05EB89F52141BFE800B769F5 /* Build-Options.xcconfig */,
				05EB89F62141BFE800B769F5 /* Swift-Compiler.xcconfig */,
				05EB89F72141BFE800B769F5 /* Static-Analyzer.xcconfig */,
				05EB89F82141BFE800B769F5 /* Swift-Compiler */,
				05EB89FD2141BFE800B769F5 /* Search-Paths.xcconfig */,
				05EB89FE2141BFE800B769F5 /* Apple-LLVM.xcconfig */,
				05EB89FF2141BFE800B769F5 /* Apple-LLVM */,
			);
			path = Common;
			sourceTree = "<group>";
		};
		05EB89EC2141BFE800B769F5 /* Static-Analyzer */ = {
			isa = PBXGroup;
			children = (
				05EB89ED2141BFE800B769F5 /* Issues.xcconfig */,
				05EB89EE2141BFE800B769F5 /* Issues */,
			);
			path = "Static-Analyzer";
			sourceTree = "<group>";
		};
		05EB89EE2141BFE800B769F5 /* Issues */ = {
			isa = PBXGroup;
			children = (
				05EB89EF2141BFE800B769F5 /* Apple-APIs.xcconfig */,
				05EB89F02141BFE800B769F5 /* Generic-Issues.xcconfig */,
				05EB89F12141BFE800B769F5 /* Security.xcconfig */,
				05EB89F22141BFE800B769F5 /* Objective-C.xcconfig */,
				05EB89F32141BFE800B769F5 /* Analysis-Policy.xcconfig */,
			);
			path = Issues;
			sourceTree = "<group>";
		};
		05EB89F82141BFE800B769F5 /* Swift-Compiler */ = {
			isa = PBXGroup;
			children = (
				05EB89F92141BFE800B769F5 /* Warnings-Policies.xcconfig */,
				05EB89FA2141BFE800B769F5 /* Code-Generation.xcconfig */,
				05EB89FB2141BFE800B769F5 /* Language.xcconfig */,
				05EB89FC2141BFE800B769F5 /* General.xcconfig */,
			);
			path = "Swift-Compiler";
			sourceTree = "<group>";
		};
		05EB89FF2141BFE800B769F5 /* Apple-LLVM */ = {
			isa = PBXGroup;
			children = (
				05EB8A002141BFE800B769F5 /* Language */,
				05EB8A042141BFE800B769F5 /* Code-Generation.xcconfig */,
				05EB8A052141BFE800B769F5 /* Address-Sanitizer.xcconfig */,
				05EB8A062141BFE800B769F5 /* Language.xcconfig */,
				05EB8A072141BFE800B769F5 /* Warnings.xcconfig */,
				05EB8A082141BFE800B769F5 /* Undefined-Behavior-Sanitizer.xcconfig */,
				05EB8A092141BFE800B769F5 /* Warning-Policies.xcconfig */,
				05EB8A0A2141BFE800B769F5 /* Warnings */,
				05EB8A0F2141BFE800B769F5 /* Preprocessing.xcconfig */,
			);
			path = "Apple-LLVM";
			sourceTree = "<group>";
		};
		05EB8A002141BFE800B769F5 /* Language */ = {
			isa = PBXGroup;
			children = (
				05EB8A012141BFE800B769F5 /* Modules.xcconfig */,
				05EB8A022141BFE800B769F5 /* Objective-C.xcconfig */,
				05EB8A032141BFE800B769F5 /* C++.xcconfig */,
			);
			path = Language;
			sourceTree = "<group>";
		};
		05EB8A0A2141BFE800B769F5 /* Warnings */ = {
			isa = PBXGroup;
			children = (
				05EB8A0B2141BFE800B769F5 /* Objective-C-ARC.xcconfig */,
				05EB8A0C2141BFE800B769F5 /* Objective-C.xcconfig */,
				05EB8A0D2141BFE800B769F5 /* C++.xcconfig */,
				05EB8A0E2141BFE800B769F5 /* All-Languages.xcconfig */,
			);
			path = Warnings;
			sourceTree = "<group>";
		};
		05EB8A112141BFE800B769F5 /* Scripts */ = {
			isa = PBXGroup;
			children = (
				05EB8A122141BFE800B769F5 /* ccache-config.sh */,
				05EB8A132141BFE800B769F5 /* ccache.sh */,
			);
			path = Scripts;
			sourceTree = "<group>";
		};
		05EE15D91EBCEBC8004AED58 /* Frameworks */ = {
			isa = PBXGroup;
			children = (
				05EE15DA1EBCEBC8004AED58 /* Cocoa.framework */,
			);
			name = Frameworks;
			sourceTree = "<group>";
		};
/* End PBXGroup section */

/* Begin PBXNativeTarget section */
		05BF7FF31BAC748800A88F65 /* Console */ = {
			isa = PBXNativeTarget;
			buildConfigurationList = 05BF80051BAC748800A88F65 /* Build configuration list for PBXNativeTarget "Console" */;
			buildPhases = (
				05BF7FF01BAC748800A88F65 /* Sources */,
				05BF7FF11BAC748800A88F65 /* Frameworks */,
				05CD94F71F8A8B3B00B60CFC /* ShellScript */,
				05BF7FF21BAC748800A88F65 /* Resources */,
				05CD94F41F8A8ABB00B60CFC /* CopyFiles */,
			);
			buildRules = (
			);
			dependencies = (
				05CD94F21F8A8AB500B60CFC /* PBXTargetDependency */,
			);
			name = Console;
			productName = Console;
			productReference = 05BF7FF41BAC748800A88F65 /* Console.app */;
			productType = "com.apple.product-type.application";
		};
/* End PBXNativeTarget section */

/* Begin PBXProject section */
		05BF7FEC1BAC748800A88F65 /* Project object */ = {
			isa = PBXProject;
			attributes = {
				LastUpgradeCheck = 0900;
				ORGANIZATIONNAME = "XS-Labs";
				TargetAttributes = {
					05BF7FF31BAC748800A88F65 = {
						CreatedOnToolsVersion = 7.0;
						DevelopmentTeam = 326Y53CJMD;
						LastSwiftMigration = 0900;
						ProvisioningStyle = Automatic;
					};
				};
			};
			buildConfigurationList = 05BF7FEF1BAC748800A88F65 /* Build configuration list for PBXProject "Console" */;
			compatibilityVersion = "Xcode 3.2";
			developmentRegion = English;
			hasScannedForEncodings = 0;
			knownRegions = (
				en,
				Base,
			);
			mainGroup = 05BF7FEB1BAC748800A88F65;
			productRefGroup = 05BF7FF51BAC748800A88F65 /* Products */;
			projectDirPath = "";
			projectReferences = (
				{
					ProductGroup = 05CD94E91F8A8AA700B60CFC /* Products */;
					ProjectRef = 05CD94E81F8A8AA700B60CFC /* GitHubUpdates.xcodeproj */;
				},
			);
			projectRoot = "";
			targets = (
				05BF7FF31BAC748800A88F65 /* Console */,
			);
		};
/* End PBXProject section */

/* Begin PBXReferenceProxy section */
		05CD94EE1F8A8AA700B60CFC /* GitHubUpdates.framework */ = {
			isa = PBXReferenceProxy;
			fileType = wrapper.framework;
			path = GitHubUpdates.framework;
			remoteRef = 05CD94ED1F8A8AA700B60CFC /* PBXContainerItemProxy */;
			sourceTree = BUILT_PRODUCTS_DIR;
		};
		05CD94F01F8A8AA700B60CFC /* Relauncher */ = {
			isa = PBXReferenceProxy;
			fileType = "compiled.mach-o.executable";
			path = Relauncher;
			remoteRef = 05CD94EF1F8A8AA700B60CFC /* PBXContainerItemProxy */;
			sourceTree = BUILT_PRODUCTS_DIR;
		};
/* End PBXReferenceProxy section */

/* Begin PBXResourcesBuildPhase section */
		05BF7FF21BAC748800A88F65 /* Resources */ = {
			isa = PBXResourcesBuildPhase;
			buildActionMask = 2147483647;
			files = (
				05D79B3B1E6E116D00A9467D /* Console.PreferencesWindowController.xib in Resources */,
				052CAA3A1DA394D7001536E4 /* Console.icns in Resources */,
				055F18901F893CB100EBDEE1 /* Console.AboutWindowController.xib in Resources */,
				053291051DA44EF200E46312 /* Defaults.plist in Resources */,
				05A78D421BB058990070E7F0 /* Console.MainWindowController.xib in Resources */,
				05BF80111BAC754400A88F65 /* MainMenu.xib in Resources */,
			);
			runOnlyForDeploymentPostprocessing = 0;
		};
/* End PBXResourcesBuildPhase section */

/* Begin PBXShellScriptBuildPhase section */
		05CD94F71F8A8B3B00B60CFC /* ShellScript */ = {
			isa = PBXShellScriptBuildPhase;
			buildActionMask = 2147483647;
			files = (
			);
			inputPaths = (
			);
			outputPaths = (
			);
			runOnlyForDeploymentPostprocessing = 0;
			shellPath = /bin/sh;
			shellScript = "#!/bin/bash\nif [ \"${CONFIGURATION}\" = \"Release\" ]; then\n    plist=\"Console/Info.plist\"\n    rev=$(git rev-list `git branch | grep -e \"^*\" | cut -d' ' -f 2` | wc -l)\n    /usr/libexec/PlistBuddy -c \"Set :CFBundleVersion $rev\" \"$plist\"\nfi";
		};
/* End PBXShellScriptBuildPhase section */

/* Begin PBXSourcesBuildPhase section */
		05BF7FF01BAC748800A88F65 /* Sources */ = {
			isa = PBXSourcesBuildPhase;
			buildActionMask = 2147483647;
			files = (
				05CD94E71F8A817800B60CFC /* ASL.swift in Sources */,
				055F18881F893A1D00EBDEE1 /* ArrayIsNotEmptyValueTransformer.swift in Sources */,
				055F18941F893D4E00EBDEE1 /* Preferences.swift in Sources */,
				055F18961F893E2E00EBDEE1 /* ApplicationDelegate.swift in Sources */,
				055F18921F893D0800EBDEE1 /* PreferencesWindowController.swift in Sources */,
				05CD94E21F8A6B1800B60CFC /* ASLMessage.swift in Sources */,
				055F18891F893A1D00EBDEE1 /* ArrayIsEmptyValueTransformer.swift in Sources */,
				055F188F1F893C5600EBDEE1 /* AboutWindowController.swift in Sources */,
				055F18981F893F5900EBDEE1 /* MainWindowController.swift in Sources */,
				055F188B1F893A4E00EBDEE1 /* NumberToStringValueTransformer.swift in Sources */,
				05CD94DF1F8A620B00B60CFC /* NSArrayController.swift in Sources */,
				05CD94E51F8A7A4E00B60CFC /* ASLSender.swift in Sources */,
			);
			runOnlyForDeploymentPostprocessing = 0;
		};
/* End PBXSourcesBuildPhase section */

/* Begin PBXTargetDependency section */
		05CD94F21F8A8AB500B60CFC /* PBXTargetDependency */ = {
			isa = PBXTargetDependency;
			name = GitHubUpdates;
			targetProxy = 05CD94F11F8A8AB500B60CFC /* PBXContainerItemProxy */;
		};
/* End PBXTargetDependency section */

/* Begin PBXVariantGroup section */
		055F188C1F893C4500EBDEE1 /* Console.AboutWindowController.xib */ = {
			isa = PBXVariantGroup;
			children = (
				055F188D1F893C4500EBDEE1 /* Base */,
			);
			name = Console.AboutWindowController.xib;
			sourceTree = "<group>";
		};
		05A78D401BB058990070E7F0 /* Console.MainWindowController.xib */ = {
			isa = PBXVariantGroup;
			children = (
				05A78D411BB058990070E7F0 /* Base */,
			);
			name = Console.MainWindowController.xib;
			sourceTree = "<group>";
		};
		05BF800D1BAC754400A88F65 /* MainMenu.xib */ = {
			isa = PBXVariantGroup;
			children = (
				05BF800E1BAC754400A88F65 /* Base */,
			);
			name = MainMenu.xib;
			sourceTree = "<group>";
		};
		05D79B391E6E116D00A9467D /* Console.PreferencesWindowController.xib */ = {
			isa = PBXVariantGroup;
			children = (
				05D79B3A1E6E116D00A9467D /* Base */,
			);
			name = Console.PreferencesWindowController.xib;
			sourceTree = "<group>";
		};
/* End PBXVariantGroup section */

/* Begin XCBuildConfiguration section */
		05BF80031BAC748800A88F65 /* Debug */ = {
			isa = XCBuildConfiguration;
			baseConfigurationReference = 05EB89E62141BFE800B769F5 /* Debug.xcconfig */;
			buildSettings = {
				MACOSX_DEPLOYMENT_TARGET = 10.11;
			};
			name = Debug;
		};
		05BF80041BAC748800A88F65 /* Release */ = {
			isa = XCBuildConfiguration;
			baseConfigurationReference = 05EB89E72141BFE800B769F5 /* Release.xcconfig */;
			buildSettings = {
				CODE_SIGN_IDENTITY = "Mac Developer";
				MACOSX_DEPLOYMENT_TARGET = 10.11;
			};
			name = Release;
		};
		05BF80061BAC748800A88F65 /* Debug */ = {
			isa = XCBuildConfiguration;
			buildSettings = {
				INFOPLIST_FILE = Console/Info.plist;
				LD_RUNPATH_SEARCH_PATHS = "$(inherited) @executable_path/../Frameworks";
				PRODUCT_BUNDLE_IDENTIFIER = "com.xs-labs.Console";
				PRODUCT_NAME = "$(TARGET_NAME)";
			};
			name = Debug;
		};
		05BF80071BAC748800A88F65 /* Release */ = {
			isa = XCBuildConfiguration;
			buildSettings = {
				INFOPLIST_FILE = Console/Info.plist;
				LD_RUNPATH_SEARCH_PATHS = "$(inherited) @executable_path/../Frameworks";
				PRODUCT_BUNDLE_IDENTIFIER = "com.xs-labs.Console";
				PRODUCT_NAME = "$(TARGET_NAME)";
			};
			name = Release;
		};
/* End XCBuildConfiguration section */

/* Begin XCConfigurationList section */
		05BF7FEF1BAC748800A88F65 /* Build configuration list for PBXProject "Console" */ = {
			isa = XCConfigurationList;
			buildConfigurations = (
				05BF80031BAC748800A88F65 /* Debug */,
				05BF80041BAC748800A88F65 /* Release */,
			);
			defaultConfigurationIsVisible = 0;
			defaultConfigurationName = Release;
		};
		05BF80051BAC748800A88F65 /* Build configuration list for PBXNativeTarget "Console" */ = {
			isa = XCConfigurationList;
			buildConfigurations = (
				05BF80061BAC748800A88F65 /* Debug */,
				05BF80071BAC748800A88F65 /* Release */,
			);
			defaultConfigurationIsVisible = 0;
			defaultConfigurationName = Release;
		};
/* End XCConfigurationList section */
	};
	rootObject = 05BF7FEC1BAC748800A88F65 /* Project object */;
}
